
Microsoft Visual Studio Solution File, Format Version 12.00
# Visual Studio Version 17
VisualStudioVersion = 17.0.31919.166
MinimumVisualStudioVersion = 10.0.40219.1
Project("{FAE04EC0-301F-11D3-BF4B-00C04F79EFBC}") = "SistemaLanches", "SistemaLanches\SistemaLanches.csproj", "{52C32BE5-22C0-4D3E-9445-B89DAD7D97D0}"
EndProject
Global
	GlobalSection(SolutionConfigurationPlatforms) = preSolution
		Debug|Any CPU = Debug|Any CPU
		Release|Any CPU = Release|Any CPU
	EndGlobalSection
	GlobalSection(ProjectConfigurationPlatforms) = postSolution
		{52C32BE5-22C0-4D3E-9445-B89DAD7D97D0}.Debug|Any CPU.ActiveCfg = Debug|Any CPU
		{52C32BE5-22C0-4D3E-9445-B89DAD7D97D0}.Debug|Any CPU.Build.0 = Debug|Any CPU
		{52C32BE5-22C0-4D3E-9445-B89DAD7D97D0}.Release|Any CPU.ActiveCfg = Release|Any CPU
		{52C32BE5-22C0-4D3E-9445-B89DAD7D97D0}.Release|Any CPU.Build.0 = Release|Any CPU
	EndGlobalSection
	GlobalSection(SolutionProperties) = preSolution
		HideSolutionNode = FALSE
	EndGlobalSection
	GlobalSection(ExtensibilityGlobals) = postSolution
		SolutionGuid = {0FAB4F33-F3DE-42A7-B3F1-7D710ED8E49C}
	EndGlobalSection
EndGlobal
